
Microsoft Visual Studio Solution File, Format Version 11.00
# Visual Studio 2010
Project("{FAE04EC0-301F-11D3-BF4B-00C04F79EFBC}") = "ScreenCapturer", "ScreenCapturer\ScreenCapturer.csproj", "{AFADC789-9B3C-4E26-AED5-DDE1E72C5559}"
EndProject
Project("{FAE04EC0-301F-11D3-BF4B-00C04F79EFBC}") = "ScreenCapturerTests", "ScreenCapturerTests\ScreenCapturerTests.csproj", "{3295D33E-A88C-48A1-A486-74E1EB25E201}"
EndProject
Global
	GlobalSection(SolutionConfigurationPlatforms) = preSolution
		Debug|Any CPU = Debug|Any CPU
		Debug|Mixed Platforms = Debug|Mixed Platforms
		Debug|x86 = Debug|x86
		Release|Any CPU = Release|Any CPU
		Release|Mixed Platforms = Release|Mixed Platforms
		Release|x86 = Release|x86
	EndGlobalSection
	GlobalSection(ProjectConfigurationPlatforms) = postSolution
		{AFADC789-9B3C-4E26-AED5-DDE1E72C5559}.Debug|Any CPU.ActiveCfg = Debug|x86
		{AFADC789-9B3C-4E26-AED5-DDE1E72C5559}.Debug|Mixed Platforms.ActiveCfg = Debug|x86
		{AFADC789-9B3C-4E26-AED5-DDE1E72C5559}.Debug|Mixed Platforms.Build.0 = Debug|x86
		{AFADC789-9B3C-4E26-AED5-DDE1E72C5559}.Debug|x86.ActiveCfg = Debug|x86
		{AFADC789-9B3C-4E26-AED5-DDE1E72C5559}.Debug|x86.Build.0 = Debug|x86
		{AFADC789-9B3C-4E26-AED5-DDE1E72C5559}.Release|Any CPU.ActiveCfg = Release|x86
		{AFADC789-9B3C-4E26-AED5-DDE1E72C5559}.Release|Mixed Platforms.ActiveCfg = Release|x86
		{AFADC789-9B3C-4E26-AED5-DDE1E72C5559}.Release|Mixed Platforms.Build.0 = Release|x86
		{AFADC789-9B3C-4E26-AED5-DDE1E72C5559}.Release|x86.ActiveCfg = Release|x86
		{AFADC789-9B3C-4E26-AED5-DDE1E72C5559}.Release|x86.Build.0 = Release|x86
		{3295D33E-A88C-48A1-A486-74E1EB25E201}.Debug|Any CPU.ActiveCfg = Debug|Any CPU
		{3295D33E-A88C-48A1-A486-74E1EB25E201}.Debug|Any CPU.Build.0 = Debug|Any CPU
		{3295D33E-A88C-48A1-A486-74E1EB25E201}.Debug|Mixed Platforms.ActiveCfg = Debug|x86
		{3295D33E-A88C-48A1-A486-74E1EB25E201}.Debug|Mixed Platforms.Build.0 = Debug|x86
		{3295D33E-A88C-48A1-A486-74E1EB25E201}.Debug|x86.ActiveCfg = Debug|Any CPU
		{3295D33E-A88C-48A1-A486-74E1EB25E201}.Release|Any CPU.ActiveCfg = Release|Any CPU
		{3295D33E-A88C-48A1-A486-74E1EB25E201}.Release|Any CPU.Build.0 = Release|Any CPU
		{3295D33E-A88C-48A1-A486-74E1EB25E201}.Release|Mixed Platforms.ActiveCfg = Release|Any CPU
		{3295D33E-A88C-48A1-A486-74E1EB25E201}.Release|Mixed Platforms.Build.0 = Release|Any CPU
		{3295D33E-A88C-48A1-A486-74E1EB25E201}.Release|x86.ActiveCfg = Release|Any CPU
	EndGlobalSection
	GlobalSection(SolutionProperties) = preSolution
		HideSolutionNode = FALSE
	EndGlobalSection
EndGlobal
